{
  "name": "dogfood-npm-cooldown-violation",
  "lockfileVersion": 3,
  "requires": true,
  "packages": {
    "": {"dependencies": {"lodash": "4.17.21"}},
    "node_modules/lodash": {
      "version": "4.17.21",
      "resolved": "https://registry.npmjs.org/lodash/-/lodash-4.17.21.tgz",
      "integrity": "sha512-v2kDEe57lecTulaDIuVZ8KLsUkI4C1ARQbGQojcSKAEtNsAFpMby5ERgh3MvJ/DmKfN5gvD1Z0aV3L2YgP2hOw=="
    }
  }
}
